# This file is automatically @generated by Poetry 1.7.1 and should not be changed by hand.
# Run 'poetry lock' to regenerate this file

[[package]]
name = "pytest"
version = "7.4.3"
description = "pytest: simple powerful testing with Python"
optional = false
python-versions = ">=3.7"

[metadata]
lock-version = "2.0"
python-versions = "^3.11"
content-hash = "placeholder"
